
Microsoft Visual Studio Solution File, Format Version 12.00
# Visual Studio Version 17
VisualStudioVersion = 17.3.32901.215
MinimumVisualStudioVersion = 10.0.40219.1
Project("{FAE04EC0-301F-11D3-BF4B-00C04F79EFBC}") = "TryCatch", "TryCatch.csproj", "{B29E3F81-4272-4283-BF3E-D9E5016E689F}"
EndProject
Global
	GlobalSection(SolutionConfigurationPlatforms) = preSolution
		Debug|Any CPU = Debug|Any CPU
		Release|Any CPU = Release|Any CPU
	EndGlobalSection
	GlobalSection(ProjectConfigurationPlatforms) = postSolution
		{B29E3F81-4272-4283-BF3E-D9E5016E689F}.Debug|Any CPU.ActiveCfg = Debug|Any CPU
		{B29E3F81-4272-4283-BF3E-D9E5016E689F}.Debug|Any CPU.Build.0 = Debug|Any CPU
		{B29E3F81-4272-4283-BF3E-D9E5016E689F}.Release|Any CPU.ActiveCfg = Release|Any CPU
		{B29E3F81-4272-4283-BF3E-D9E5016E689F}.Release|Any CPU.Build.0 = Release|Any CPU
	EndGlobalSection
	GlobalSection(SolutionProperties) = preSolution
		HideSolutionNode = FALSE
	EndGlobalSection
	GlobalSection(ExtensibilityGlobals) = postSolution
		SolutionGuid = {32943F04-B5A1-4BCA-9260-27CB2A41882D}
	EndGlobalSection
EndGlobal
